// !$*UTF8*$!
{
	archiveVersion = 1;
	classes = {
	};
	objectVersion = 50;
	objects = {

/* Begin PBXBuildFile section */
		1A3EF39725B3422B00455AEB /* AppDelegate.swift in Sources */ = {isa = PBXBuildFile; fileRef = 1A3EF39625B3422B00455AEB /* AppDelegate.swift */; };
		1A3EF39925B3422B00455AEB /* SceneDelegate.swift in Sources */ = {isa = PBXBuildFile; fileRef = 1A3EF39825B3422B00455AEB /* SceneDelegate.swift */; };
		1A3EF39B25B3422B00455AEB /* ViewController.swift in Sources */ = {isa = PBXBuildFile; fileRef = 1A3EF39A25B3422B00455AEB /* ViewController.swift */; };
		1A3EF39E25B3422B00455AEB /* Main.storyboard in Resources */ = {isa = PBXBuildFile; fileRef = 1A3EF39C25B3422B00455AEB /* Main.storyboard */; };
		1A3EF3A025B3422E00455AEB /* Assets.xcassets in Resources */ = {isa = PBXBuildFile; fileRef = 1A3EF39F25B3422E00455AEB /* Assets.xcassets */; };
		1A3EF3A325B3422E00455AEB /* LaunchScreen.storyboard in Resources */ = {isa = PBXBuildFile; fileRef = 1A3EF3A125B3422E00455AEB /* LaunchScreen.storyboard */; };
		1A3EF3AE25B3422E00455AEB /* MCircleSuspensionDemoTests.swift in Sources */ = {isa = PBXBuildFile; fileRef = 1A3EF3AD25B3422E00455AEB /* MCircleSuspensionDemoTests.swift */; };
		1A3EF3B925B3422E00455AEB /* MCircleSuspensionDemoUITests.swift in Sources */ = {isa = PBXBuildFile; fileRef = 1A3EF3B825B3422E00455AEB /* MCircleSuspensionDemoUITests.swift */; };
/* End PBXBuildFile section */

/* Begin PBXContainerItemProxy section */
		1A3EF3AA25B3422E00455AEB /* PBXContainerItemProxy */ = {
			isa = PBXContainerItemProxy;
			containerPortal = 1A3EF38B25B3422B00455AEB /* Project object */;
			proxyType = 1;
			remoteGlobalIDString = 1A3EF39225B3422B00455AEB;
			remoteInfo = MCircleSuspensionDemo;
		};
		1A3EF3B525B3422E00455AEB /* PBXContainerItemProxy */ = {
			isa = PBXContainerItemProxy;
			containerPortal = 1A3EF38B25B3422B00455AEB /* Project object */;
			proxyType = 1;
			remoteGlobalIDString = 1A3EF39225B3422B00455AEB;
			remoteInfo = MCircleSuspensionDemo;
		};
/* End PBXContainerItemProxy section */

/* Begin PBXFileReference section */
		1A3EF39325B3422B00455AEB /* MCircleSuspensionDemo.app */ = {isa = PBXFileReference; explicitFileType = wrapper.application; includeInIndex = 0; path = MCircleSuspensionDemo.app; sourceTree = BUILT_PRODUCTS_DIR; };
		1A3EF39625B3422B00455AEB /* AppDelegate.swift */ = {isa = PBXFileReference; lastKnownFileType = sourcecode.swift; path = AppDelegate.swift; sourceTree = "<group>"; };
		1A3EF39825B3422B00455AEB /* SceneDelegate.swift */ = {isa = PBXFileReference; lastKnownFileType = sourcecode.swift; path = SceneDelegate.swift; sourceTree = "<group>"; };
		1A3EF39A25B3422B00455AEB /* ViewController.swift */ = {isa = PBXFileReference; lastKnownFileType = sourcecode.swift; path = ViewController.swift; sourceTree = "<group>"; };
		1A3EF39D25B3422B00455AEB /* Base */ = {isa = PBXFileReference; lastKnownFileType = file.storyboard; name = Base; path = Base.lproj/Main.storyboard; sourceTree = "<group>"; };
		1A3EF39F25B3422E00455AEB /* Assets.xcassets */ = {isa = PBXFileReference; lastKnownFileType = folder.assetcatalog; path = Assets.xcassets; sourceTree = "<group>"; };
		1A3EF3A225B3422E00455AEB /* Base */ = {isa = PBXFileReference; lastKnownFileType = file.storyboard; name = Base; path = Base.lproj/LaunchScreen.storyboard; sourceTree = "<group>"; };
		1A3EF3A425B3422E00455AEB /* Info.plist */ = {isa = PBXFileReference; lastKnownFileType = text.plist.xml; path = Info.plist; sourceTree = "<group>"; };
		1A3EF3A925B3422E00455AEB /* MCircleSuspensionDemoTests.xctest */ = {isa = PBXFileReference; explicitFileType = wrapper.cfbundle; includeInIndex = 0; path = MCircleSuspensionDemoTests.xctest; sourceTree = BUILT_PRODUCTS_DIR; };
		1A3EF3AD25B3422E00455AEB /* MCircleSuspensionDemoTests.swift */ = {isa = PBXFileReference; lastKnownFileType = sourcecode.swift; path = MCircleSuspensionDemoTests.swift; sourceTree = "<group>"; };
		1A3EF3AF25B3422E00455AEB /* Info.plist */ = {isa = PBXFileReference; lastKnownFileType = text.plist.xml; path = Info.plist; sourceTree = "<group>"; };
		1A3EF3B425B3422E00455AEB /* MCircleSuspensionDemoUITests.xctest */ = {isa = PBXFileReference; explicitFileType = wrapper.cfbundle; includeInIndex = 0; path = MCircleSuspensionDemoUITests.xctest; sourceTree = BUILT_PRODUCTS_DIR; };
		1A3EF3B825B3422E00455AEB /* MCircleSuspensionDemoUITests.swift */ = {isa = PBXFileReference; lastKnownFileType = sourcecode.swift; path = MCircleSuspensionDemoUITests.swift; sourceTree = "<group>"; };
		1A3EF3BA25B3422E00455AEB /* Info.plist */ = {isa = PBXFileReference; lastKnownFileType = text.plist.xml; path = Info.plist; sourceTree = "<group>"; };
/* End PBXFileReference section */

/* Begin PBXFrameworksBuildPhase section */
		1A3EF39025B3422B00455AEB /* Frameworks */ = {
			isa = PBXFrameworksBuildPhase;
			buildActionMask = 2147483647;
			files = (
			);
			runOnlyForDeploymentPostprocessing = 0;
		};
		1A3EF3A625B3422E00455AEB /* Frameworks */ = {
			isa = PBXFrameworksBuildPhase;
			buildActionMask = 2147483647;
			files = (
			);
			runOnlyForDeploymentPostprocessing = 0;
		};
		1A3EF3B125B3422E00455AEB /* Frameworks */ = {
			isa = PBXFrameworksBuildPhase;
			buildActionMask = 2147483647;
			files = (
			);
			runOnlyForDeploymentPostprocessing = 0;
		};
/* End PBXFrameworksBuildPhase section */

/* Begin PBXGroup section */
		1A3EF38A25B3422B00455AEB = {
			isa = PBXGroup;
			children = (
				1A3EF39525B3422B00455AEB /* MCircleSuspensionDemo */,
				1A3EF3AC25B3422E00455AEB /* MCircleSuspensionDemoTests */,
				1A3EF3B725B3422E00455AEB /* MCircleSuspensionDemoUITests */,
				1A3EF39425B3422B00455AEB /* Products */,
			);
			sourceTree = "<group>";
		};
		1A3EF39425B3422B00455AEB /* Products */ = {
			isa = PBXGroup;
			children = (
				1A3EF39325B3422B00455AEB /* MCircleSuspensionDemo.app */,
				1A3EF3A925B3422E00455AEB /* MCircleSuspensionDemoTests.xctest */,
				1A3EF3B425B3422E00455AEB /* MCircleSuspensionDemoUITests.xctest */,
			);
			name = Products;
			sourceTree = "<group>";
		};
		1A3EF39525B3422B00455AEB /* MCircleSuspensionDemo */ = {
			isa = PBXGroup;
			children = (
				1A3EF39625B3422B00455AEB /* AppDelegate.swift */,
				1A3EF39825B3422B00455AEB /* SceneDelegate.swift */,
				1A3EF39A25B3422B00455AEB /* ViewController.swift */,
				1A3EF39C25B3422B00455AEB /* Main.storyboard */,
				1A3EF39F25B3422E00455AEB /* Assets.xcassets */,
				1A3EF3A125B3422E00455AEB /* LaunchScreen.storyboard */,
				1A3EF3A425B3422E00455AEB /* Info.plist */,
			);
			path = MCircleSuspensionDemo;
			sourceTree = "<group>";
		};
		1A3EF3AC25B3422E00455AEB /* MCircleSuspensionDemoTests */ = {
			isa = PBXGroup;
			children = (
				1A3EF3AD25B3422E00455AEB /* MCircleSuspensionDemoTests.swift */,
				1A3EF3AF25B3422E00455AEB /* Info.plist */,
			);
			path = MCircleSuspensionDemoTests;
			sourceTree = "<group>";
		};
		1A3EF3B725B3422E00455AEB /* MCircleSuspensionDemoUITests */ = {
			isa = PBXGroup;
			children = (
				1A3EF3B825B3422E00455AEB /* MCircleSuspensionDemoUITests.swift */,
				1A3EF3BA25B3422E00455AEB /* Info.plist */,
			);
			path = MCircleSuspensionDemoUITests;
			sourceTree = "<group>";
		};
/* End PBXGroup section */

/* Begin PBXNativeTarget section */
		1A3EF39225B3422B00455AEB /* MCircleSuspensionDemo */ = {
			isa = PBXNativeTarget;
			buildConfigurationList = 1A3EF3BD25B3422E00455AEB /* Build configuration list for PBXNativeTarget "MCircleSuspensionDemo" */;
			buildPhases = (
				1A3EF38F25B3422B00455AEB /* Sources */,
				1A3EF39025B3422B00455AEB /* Frameworks */,
				1A3EF39125B3422B00455AEB /* Resources */,
			);
			buildRules = (
			);
			dependencies = (
			);
			name = MCircleSuspensionDemo;
			productName = MCircleSuspensionDemo;
			productReference = 1A3EF39325B3422B00455AEB /* MCircleSuspensionDemo.app */;
			productType = "com.apple.product-type.application";
		};
		1A3EF3A825B3422E00455AEB /* MCircleSuspensionDemoTests */ = {
			isa = PBXNativeTarget;
			buildConfigurationList = 1A3EF3C025B3422E00455AEB /* Build configuration list for PBXNativeTarget "MCircleSuspensionDemoTests" */;
			buildPhases = (
				1A3EF3A525B3422E00455AEB /* Sources */,
				1A3EF3A625B3422E00455AEB /* Frameworks */,
				1A3EF3A725B3422E00455AEB /* Resources */,
			);
			buildRules = (
			);
			dependencies = (
				1A3EF3AB25B3422E00455AEB /* PBXTargetDependency */,
			);
			name = MCircleSuspensionDemoTests;
			productName = MCircleSuspensionDemoTests;
			productReference = 1A3EF3A925B3422E00455AEB /* MCircleSuspensionDemoTests.xctest */;
			productType = "com.apple.product-type.bundle.unit-test";
		};
		1A3EF3B325B3422E00455AEB /* MCircleSuspensionDemoUITests */ = {
			isa = PBXNativeTarget;
			buildConfigurationList = 1A3EF3C325B3422E00455AEB /* Build configuration list for PBXNativeTarget "MCircleSuspensionDemoUITests" */;
			buildPhases = (
				1A3EF3B025B3422E00455AEB /* Sources */,
				1A3EF3B125B3422E00455AEB /* Frameworks */,
				1A3EF3B225B3422E00455AEB /* Resources */,
			);
			buildRules = (
			);
			dependencies = (
				1A3EF3B625B3422E00455AEB /* PBXTargetDependency */,
			);
			name = MCircleSuspensionDemoUITests;
			productName = MCircleSuspensionDemoUITests;
			productReference = 1A3EF3B425B3422E00455AEB /* MCircleSuspensionDemoUITests.xctest */;
			productType = "com.apple.product-type.bundle.ui-testing";
		};
/* End PBXNativeTarget section */

/* Begin PBXProject section */
		1A3EF38B25B3422B00455AEB /* Project object */ = {
			isa = PBXProject;
			attributes = {
				LastSwiftUpdateCheck = 1230;
				LastUpgradeCheck = 1230;
				TargetAttributes = {
					1A3EF39225B3422B00455AEB = {
						CreatedOnToolsVersion = 12.3;
					};
					1A3EF3A825B3422E00455AEB = {
						CreatedOnToolsVersion = 12.3;
						TestTargetID = 1A3EF39225B3422B00455AEB;
					};
					1A3EF3B325B3422E00455AEB = {
						CreatedOnToolsVersion = 12.3;
						TestTargetID = 1A3EF39225B3422B00455AEB;
					};
				};
			};
			buildConfigurationList = 1A3EF38E25B3422B00455AEB /* Build configuration list for PBXProject "MCircleSuspensionDemo" */;
			compatibilityVersion = "Xcode 9.3";
			developmentRegion = en;
			hasScannedForEncodings = 0;
			knownRegions = (
				en,
				Base,
			);
			mainGroup = 1A3EF38A25B3422B00455AEB;
			productRefGroup = 1A3EF39425B3422B00455AEB /* Products */;
			projectDirPath = "";
			projectRoot = "";
			targets = (
				1A3EF39225B3422B00455AEB /* MCircleSuspensionDemo */,
				1A3EF3A825B3422E00455AEB /* MCircleSuspensionDemoTests */,
				1A3EF3B325B3422E00455AEB /* MCircleSuspensionDemoUITests */,
			);
		};
/* End PBXProject section */

/* Begin PBXResourcesBuildPhase section */
		1A3EF39125B3422B00455AEB /* Resources */ = {
			isa = PBXResourcesBuildPhase;
			buildActionMask = 2147483647;
			files = (
				1A3EF3A325B3422E00455AEB /* LaunchScreen.storyboard in Resources */,
				1A3EF3A025B3422E00455AEB /* Assets.xcassets in Resources */,
				1A3EF39E25B3422B00455AEB /* Main.storyboard in Resources */,
			);
			runOnlyForDeploymentPostprocessing = 0;
		};
		1A3EF3A725B3422E00455AEB /* Resources */ = {
			isa = PBXResourcesBuildPhase;
			buildActionMask = 2147483647;
			files = (
			);
			runOnlyForDeploymentPostprocessing = 0;
		};
		1A3EF3B225B3422E00455AEB /* Resources */ = {
			isa = PBXResourcesBuildPhase;
			buildActionMask = 2147483647;
			files = (
			);
			runOnlyForDeploymentPostprocessing = 0;
		};
/* End PBXResourcesBuildPhase section */

/* Begin PBXSourcesBuildPhase section */
		1A3EF38F25B3422B00455AEB /* Sources */ = {
			isa = PBXSourcesBuildPhase;
			buildActionMask = 2147483647;
			files = (
				1A3EF39B25B3422B00455AEB /* ViewController.swift in Sources */,
				1A3EF39725B3422B00455AEB /* AppDelegate.swift in Sources */,
				1A3EF39925B3422B00455AEB /* SceneDelegate.swift in Sources */,
			);
			runOnlyForDeploymentPostprocessing = 0;
		};
		1A3EF3A525B3422E00455AEB /* Sources */ = {
			isa = PBXSourcesBuildPhase;
			buildActionMask = 2147483647;
			files = (
				1A3EF3AE25B3422E00455AEB /* MCircleSuspensionDemoTests.swift in Sources */,
			);
			runOnlyForDeploymentPostprocessing = 0;
		};
		1A3EF3B025B3422E00455AEB /* Sources */ = {
			isa = PBXSourcesBuildPhase;
			buildActionMask = 2147483647;
			files = (
				1A3EF3B925B3422E00455AEB /* MCircleSuspensionDemoUITests.swift in Sources */,
			);
			runOnlyForDeploymentPostprocessing = 0;
		};
/* End PBXSourcesBuildPhase section */

/* Begin PBXTargetDependency section */
		1A3EF3AB25B3422E00455AEB /* PBXTargetDependency */ = {
			isa = PBXTargetDependency;
			target = 1A3EF39225B3422B00455AEB /* MCircleSuspensionDemo */;
			targetProxy = 1A3EF3AA25B3422E00455AEB /* PBXContainerItemProxy */;
		};
		1A3EF3B625B3422E00455AEB /* PBXTargetDependency */ = {
			isa = PBXTargetDependency;
			target = 1A3EF39225B3422B00455AEB /* MCircleSuspensionDemo */;
			targetProxy = 1A3EF3B525B3422E00455AEB /* PBXContainerItemProxy */;
		};
/* End PBXTargetDependency section */

/* Begin PBXVariantGroup section */
		1A3EF39C25B3422B00455AEB /* Main.storyboard */ = {
			isa = PBXVariantGroup;
			children = (
				1A3EF39D25B3422B00455AEB /* Base */,
			);
			name = Main.storyboard;
			sourceTree = "<group>";
		};
		1A3EF3A125B3422E00455AEB /* LaunchScreen.storyboard */ = {
			isa = PBXVariantGroup;
			children = (
				1A3EF3A225B3422E00455AEB /* Base */,
			);
			name = LaunchScreen.storyboard;
			sourceTree = "<group>";
		};
/* End PBXVariantGroup section */

/* Begin XCBuildConfiguration section */
		1A3EF3BB25B3422E00455AEB /* Debug */ = {
			isa = XCBuildConfiguration;
			buildSettings = {
				ALWAYS_SEARCH_USER_PATHS = NO;
				CLANG_ANALYZER_NONNULL = YES;
				CLANG_ANALYZER_NUMBER_OBJECT_CONVERSION = YES_AGGRESSIVE;
				CLANG_CXX_LANGUAGE_STANDARD = "gnu++14";
				CLANG_CXX_LIBRARY = "libc++";
				CLANG_ENABLE_MODULES = YES;
				CLANG_ENABLE_OBJC_ARC = YES;
				CLANG_ENABLE_OBJC_WEAK = YES;
				CLANG_WARN_BLOCK_CAPTURE_AUTORELEASING = YES;
				CLANG_WARN_BOOL_CONVERSION = YES;
				CLANG_WARN_COMMA = YES;
				CLANG_WARN_CONSTANT_CONVERSION = YES;
				CLANG_WARN_DEPRECATED_OBJC_IMPLEMENTATIONS = YES;
				CLANG_WARN_DIRECT_OBJC_ISA_USAGE = YES_ERROR;
				CLANG_WARN_DOCUMENTATION_COMMENTS = YES;
				CLANG_WARN_EMPTY_BODY = YES;
				CLANG_WARN_ENUM_CONVERSION = YES;
				CLANG_WARN_INFINITE_RECURSION = YES;
				CLANG_WARN_INT_CONVERSION = YES;
				CLANG_WARN_NON_LITERAL_NULL_CONVERSION = YES;
				CLANG_WARN_OBJC_IMPLICIT_RETAIN_SELF = YES;
				CLANG_WARN_OBJC_LITERAL_CONVERSION = YES;
				CLANG_WARN_OBJC_ROOT_CLASS = YES_ERROR;
				CLANG_WARN_QUOTED_INCLUDE_IN_FRAMEWORK_HEADER = YES;
				CLANG_WARN_RANGE_LOOP_ANALYSIS = YES;
				CLANG_WARN_STRICT_PROTOTYPES = YES;
				CLANG_WARN_SUSPICIOUS_MOVE = YES;
				CLANG_WARN_UNGUARDED_AVAILABILITY = YES_AGGRESSIVE;
				CLANG_WARN_UNREACHABLE_CODE = YES;
				CLANG_WARN__DUPLICATE_METHOD_MATCH = YES;
				COPY_PHASE_STRIP = NO;
				DEBUG_INFORMATION_FORMAT = dwarf;
				ENABLE_STRICT_OBJC_MSGSEND = YES;
				ENABLE_TESTABILITY = YES;
				GCC_C_LANGUAGE_STANDARD = gnu11;
				GCC_DYNAMIC_NO_PIC = NO;
				GCC_NO_COMMON_BLOCKS = YES;
				GCC_OPTIMIZATION_LEVEL = 0;
				GCC_PREPROCESSOR_DEFINITIONS = (
					"DEBUG=1",
					"$(inherited)",
				);
				GCC_WARN_64_TO_32_BIT_CONVERSION = YES;
				GCC_WARN_ABOUT_RETURN_TYPE = YES_ERROR;
				GCC_WARN_UNDECLARED_SELECTOR = YES;
				GCC_WARN_UNINITIALIZED_AUTOS = YES_AGGRESSIVE;
				GCC_WARN_UNUSED_FUNCTION = YES;
				GCC_WARN_UNUSED_VARIABLE = YES;
				IPHONEOS_DEPLOYMENT_TARGET = 14.3;
				MTL_ENABLE_DEBUG_INFO = INCLUDE_SOURCE;
				MTL_FAST_MATH = YES;
				ONLY_ACTIVE_ARCH = YES;
				SDKROOT = iphoneos;
				SWIFT_ACTIVE_COMPILATION_CONDITIONS = DEBUG;
				SWIFT_OPTIMIZATION_LEVEL = "-Onone";
			};
			name = Debug;
		};
		1A3EF3BC25B3422E00455AEB /* Release */ = {
			isa = XCBuildConfiguration;
			buildSettings = {
				ALWAYS_SEARCH_USER_PATHS = NO;
				CLANG_ANALYZER_NONNULL = YES;
				CLANG_ANALYZER_NUMBER_OBJECT_CONVERSION = YES_AGGRESSIVE;
				CLANG_CXX_LANGUAGE_STANDARD = "gnu++14";
				CLANG_CXX_LIBRARY = "libc++";
				CLANG_ENABLE_MODULES = YES;
				CLANG_ENABLE_OBJC_ARC = YES;
				CLANG_ENABLE_OBJC_WEAK = YES;
				CLANG_WARN_BLOCK_CAPTURE_AUTORELEASING = YES;
				CLANG_WARN_BOOL_CONVERSION = YES;
				CLANG_WARN_COMMA = YES;
				CLANG_WARN_CONSTANT_CONVERSION = YES;
				CLANG_WARN_DEPRECATED_OBJC_IMPLEMENTATIONS = YES;
				CLANG_WARN_DIRECT_OBJC_ISA_USAGE = YES_ERROR;
				CLANG_WARN_DOCUMENTATION_COMMENTS = YES;
				CLANG_WARN_EMPTY_BODY = YES;
				CLANG_WARN_ENUM_CONVERSION = YES;
				CLANG_WARN_INFINITE_RECURSION = YES;
				CLANG_WARN_INT_CONVERSION = YES;
				CLANG_WARN_NON_LITERAL_NULL_CONVERSION = YES;
				CLANG_WARN_OBJC_IMPLICIT_RETAIN_SELF = YES;
				CLANG_WARN_OBJC_LITERAL_CONVERSION = YES;
				CLANG_WARN_OBJC_ROOT_CLASS = YES_ERROR;
				CLANG_WARN_QUOTED_INCLUDE_IN_FRAMEWORK_HEADER = YES;
				CLANG_WARN_RANGE_LOOP_ANALYSIS = YES;
				CLANG_WARN_STRICT_PROTOTYPES = YES;
				CLANG_WARN_SUSPICIOUS_MOVE = YES;
				CLANG_WARN_UNGUARDED_AVAILABILITY = YES_AGGRESSIVE;
				CLANG_WARN_UNREACHABLE_CODE = YES;
				CLANG_WARN__DUPLICATE_METHOD_MATCH = YES;
				COPY_PHASE_STRIP = NO;
				DEBUG_INFORMATION_FORMAT = "dwarf-with-dsym";
				ENABLE_NS_ASSERTIONS = NO;
				ENABLE_STRICT_OBJC_MSGSEND = YES;
				GCC_C_LANGUAGE_STANDARD = gnu11;
				GCC_NO_COMMON_BLOCKS = YES;
				GCC_WARN_64_TO_32_BIT_CONVERSION = YES;
				GCC_WARN_ABOUT_RETURN_TYPE = YES_ERROR;
				GCC_WARN_UNDECLARED_SELECTOR = YES;
				GCC_WARN_UNINITIALIZED_AUTOS = YES_AGGRESSIVE;
				GCC_WARN_UNUSED_FUNCTION = YES;
				GCC_WARN_UNUSED_VARIABLE = YES;
				IPHONEOS_DEPLOYMENT_TARGET = 14.3;
				MTL_ENABLE_DEBUG_INFO = NO;
				MTL_FAST_MATH = YES;
				SDKROOT = iphoneos;
				SWIFT_COMPILATION_MODE = wholemodule;
				SWIFT_OPTIMIZATION_LEVEL = "-O";
				VALIDATE_PRODUCT = YES;
			};
			name = Release;
		};
		1A3EF3BE25B3422E00455AEB /* Debug */ = {
			isa = XCBuildConfiguration;
			buildSettings = {
				ASSETCATALOG_COMPILER_APPICON_NAME = AppIcon;
				ASSETCATALOG_COMPILER_GLOBAL_ACCENT_COLOR_NAME = AccentColor;
				CODE_SIGN_STYLE = Automatic;
				INFOPLIST_FILE = MCircleSuspensionDemo/Info.plist;
				LD_RUNPATH_SEARCH_PATHS = (
					"$(inherited)",
					"@executable_path/Frameworks",
				);
				PRODUCT_BUNDLE_IDENTIFIER = com.lixin.MCircleSuspensionDemo;
				PRODUCT_NAME = "$(TARGET_NAME)";
				SWIFT_VERSION = 5.0;
				TARGETED_DEVICE_FAMILY = "1,2";
			};
			name = Debug;
		};
		1A3EF3BF25B3422E00455AEB /* Release */ = {
			isa = XCBuildConfiguration;
			buildSettings = {
				ASSETCATALOG_COMPILER_APPICON_NAME = AppIcon;
				ASSETCATALOG_COMPILER_GLOBAL_ACCENT_COLOR_NAME = AccentColor;
				CODE_SIGN_STYLE = Automatic;
				INFOPLIST_FILE = MCircleSuspensionDemo/Info.plist;
				LD_RUNPATH_SEARCH_PATHS = (
					"$(inherited)",
					"@executable_path/Frameworks",
				);
				PRODUCT_BUNDLE_IDENTIFIER = com.lixin.MCircleSuspensionDemo;
				PRODUCT_NAME = "$(TARGET_NAME)";
				SWIFT_VERSION = 5.0;
				TARGETED_DEVICE_FAMILY = "1,2";
			};
			name = Release;
		};
		1A3EF3C125B3422E00455AEB /* Debug */ = {
			isa = XCBuildConfiguration;
			buildSettings = {
				ALWAYS_EMBED_SWIFT_STANDARD_LIBRARIES = YES;
				BUNDLE_LOADER = "$(TEST_HOST)";
				CODE_SIGN_STYLE = Automatic;
				INFOPLIST_FILE = MCircleSuspensionDemoTests/Info.plist;
				IPHONEOS_DEPLOYMENT_TARGET = 14.3;
				LD_RUNPATH_SEARCH_PATHS = (
					"$(inherited)",
					"@executable_path/Frameworks",
					"@loader_path/Frameworks",
				);
				PRODUCT_BUNDLE_IDENTIFIER = com.lixin.MCircleSuspensionDemoTests;
				PRODUCT_NAME = "$(TARGET_NAME)";
				SWIFT_VERSION = 5.0;
				TARGETED_DEVICE_FAMILY = "1,2";
				TEST_HOST = "$(BUILT_PRODUCTS_DIR)/MCircleSuspensionDemo.app/MCircleSuspensionDemo";
			};
			name = Debug;
		};
		1A3EF3C225B3422E00455AEB /* Release */ = {
			isa = XCBuildConfiguration;
			buildSettings = {
				ALWAYS_EMBED_SWIFT_STANDARD_LIBRARIES = YES;
				BUNDLE_LOADER = "$(TEST_HOST)";
				CODE_SIGN_STYLE = Automatic;
				INFOPLIST_FILE = MCircleSuspensionDemoTests/Info.plist;
				IPHONEOS_DEPLOYMENT_TARGET = 14.3;
				LD_RUNPATH_SEARCH_PATHS = (
					"$(inherited)",
					"@executable_path/Frameworks",
					"@loader_path/Frameworks",
				);
				PRODUCT_BUNDLE_IDENTIFIER = com.lixin.MCircleSuspensionDemoTests;
				PRODUCT_NAME = "$(TARGET_NAME)";
				SWIFT_VERSION = 5.0;
				TARGETED_DEVICE_FAMILY = "1,2";
				TEST_HOST = "$(BUILT_PRODUCTS_DIR)/MCircleSuspensionDemo.app/MCircleSuspensionDemo";
			};
			name = Release;
		};
		1A3EF3C425B3422E00455AEB /* Debug */ = {
			isa = XCBuildConfiguration;
			buildSettings = {
				ALWAYS_EMBED_SWIFT_STANDARD_LIBRARIES = YES;
				CODE_SIGN_STYLE = Automatic;
				INFOPLIST_FILE = MCircleSuspensionDemoUITests/Info.plist;
				LD_RUNPATH_SEARCH_PATHS = (
					"$(inherited)",
					"@executable_path/Frameworks",
					"@loader_path/Frameworks",
				);
				PRODUCT_BUNDLE_IDENTIFIER = com.lixin.MCircleSuspensionDemoUITests;
				PRODUCT_NAME = "$(TARGET_NAME)";
				SWIFT_VERSION = 5.0;
				TARGETED_DEVICE_FAMILY = "1,2";
				TEST_TARGET_NAME = MCircleSuspensionDemo;
			};
			name = Debug;
		};
		1A3EF3C525B3422E00455AEB /* Release */ = {
			isa = XCBuildConfiguration;
			buildSettings = {
				ALWAYS_EMBED_SWIFT_STANDARD_LIBRARIES = YES;
				CODE_SIGN_STYLE = Automatic;
				INFOPLIST_FILE = MCircleSuspensionDemoUITests/Info.plist;
				LD_RUNPATH_SEARCH_PATHS = (
					"$(inherited)",
					"@executable_path/Frameworks",
					"@loader_path/Frameworks",
				);
				PRODUCT_BUNDLE_IDENTIFIER = com.lixin.MCircleSuspensionDemoUITests;
				PRODUCT_NAME = "$(TARGET_NAME)";
				SWIFT_VERSION = 5.0;
				TARGETED_DEVICE_FAMILY = "1,2";
				TEST_TARGET_NAME = MCircleSuspensionDemo;
			};
			name = Release;
		};
/* End XCBuildConfiguration section */

/* Begin XCConfigurationList section */
		1A3EF38E25B3422B00455AEB /* Build configuration list for PBXProject "MCircleSuspensionDemo" */ = {
			isa = XCConfigurationList;
			buildConfigurations = (
				1A3EF3BB25B3422E00455AEB /* Debug */,
				1A3EF3BC25B3422E00455AEB /* Release */,
			);
			defaultConfigurationIsVisible = 0;
			defaultConfigurationName = Release;
		};
		1A3EF3BD25B3422E00455AEB /* Build configuration list for PBXNativeTarget "MCircleSuspensionDemo" */ = {
			isa = XCConfigurationList;
			buildConfigurations = (
				1A3EF3BE25B3422E00455AEB /* Debug */,
				1A3EF3BF25B3422E00455AEB /* Release */,
			);
			defaultConfigurationIsVisible = 0;
			defaultConfigurationName = Release;
		};
		1A3EF3C025B3422E00455AEB /* Build configuration list for PBXNativeTarget "MCircleSuspensionDemoTests" */ = {
			isa = XCConfigurationList;
			buildConfigurations = (
				1A3EF3C125B3422E00455AEB /* Debug */,
				1A3EF3C225B3422E00455AEB /* Release */,
			);
			defaultConfigurationIsVisible = 0;
			defaultConfigurationName = Release;
		};
		1A3EF3C325B3422E00455AEB /* Build configuration list for PBXNativeTarget "MCircleSuspensionDemoUITests" */ = {
			isa = XCConfigurationList;
			buildConfigurations = (
				1A3EF3C425B3422E00455AEB /* Debug */,
				1A3EF3C525B3422E00455AEB /* Release */,
			);
			defaultConfigurationIsVisible = 0;
			defaultConfigurationName = Release;
		};
/* End XCConfigurationList section */
	};
	rootObject = 1A3EF38B25B3422B00455AEB /* Project object */;
}
